
Microsoft Visual Studio Solution File, Format Version 12.00
# Visual Studio Version 17
VisualStudioVersion = 17.2.32516.85
MinimumVisualStudioVersion = 10.0.40219.1
Project("{FAE04EC0-301F-11D3-BF4B-00C04F79EFBC}") = "Class Human", "Class Human\Class Human.csproj", "{0ED398C6-76D6-4AF6-8E9B-FD577018680C}"
EndProject
Global
	GlobalSection(SolutionConfigurationPlatforms) = preSolution
		Debug|Any CPU = Debug|Any CPU
		Release|Any CPU = Release|Any CPU
	EndGlobalSection
	GlobalSection(ProjectConfigurationPlatforms) = postSolution
		{0ED398C6-76D6-4AF6-8E9B-FD577018680C}.Debug|Any CPU.ActiveCfg = Debug|Any CPU
		{0ED398C6-76D6-4AF6-8E9B-FD577018680C}.Debug|Any CPU.Build.0 = Debug|Any CPU
		{0ED398C6-76D6-4AF6-8E9B-FD577018680C}.Release|Any CPU.ActiveCfg = Release|Any CPU
		{0ED398C6-76D6-4AF6-8E9B-FD577018680C}.Release|Any CPU.Build.0 = Release|Any CPU
	EndGlobalSection
	GlobalSection(SolutionProperties) = preSolution
		HideSolutionNode = FALSE
	EndGlobalSection
	GlobalSection(ExtensibilityGlobals) = postSolution
		SolutionGuid = {984C85CF-6DD3-4254-9634-87D7E0F1CCA2}
	EndGlobalSection
EndGlobal
